
Microsoft Visual Studio Solution File, Format Version 12.00
# Visual Studio 15
VisualStudioVersion = 15.0.27130.2010
MinimumVisualStudioVersion = 10.0.40219.1
Project("{FAE04EC0-301F-11D3-BF4B-00C04F79EFBC}") = "Subrosa", "Subrosa\Subrosa.csproj", "{26F39E05-E1F8-4B98-91CD-38C00B50DC40}"
EndProject
Global
	GlobalSection(SolutionConfigurationPlatforms) = preSolution
		Debug|Any CPU = Debug|Any CPU
		Release|Any CPU = Release|Any CPU
	EndGlobalSection
	GlobalSection(ProjectConfigurationPlatforms) = postSolution
		{26F39E05-E1F8-4B98-91CD-38C00B50DC40}.Debug|Any CPU.ActiveCfg = Debug|Any CPU
		{26F39E05-E1F8-4B98-91CD-38C00B50DC40}.Debug|Any CPU.Build.0 = Debug|Any CPU
		{26F39E05-E1F8-4B98-91CD-38C00B50DC40}.Release|Any CPU.ActiveCfg = Release|Any CPU
		{26F39E05-E1F8-4B98-91CD-38C00B50DC40}.Release|Any CPU.Build.0 = Release|Any CPU
	EndGlobalSection
	GlobalSection(SolutionProperties) = preSolution
		HideSolutionNode = FALSE
	EndGlobalSection
	GlobalSection(ExtensibilityGlobals) = postSolution
		SolutionGuid = {2D1E5990-8F0B-436D-953B-23AF5BB4FB91}
	EndGlobalSection
EndGlobal
