
Microsoft Visual Studio Solution File, Format Version 12.00
# Visual Studio 15
VisualStudioVersion = 15.0.27130.2010
MinimumVisualStudioVersion = 10.0.40219.1
Project("{FAE04EC0-301F-11D3-BF4B-00C04F79EFBC}") = "Subrosa", "Subrosa\Subrosa.csproj", "{4D32AE30-7FA7-4E4C-B447-D995925CA522}"
EndProject
Project("{9A19103F-16F7-4668-BE54-9A1E7A4F7556}") = "Subrosa.Models", "..\..\..\..\..\Users\ryanf\source\repos\Subrosa.Models\Subrosa.Models\Subrosa.Models.csproj", "{0D1FE516-37A0-4584-8419-28EC8A76B4AF}"
EndProject
Global
	GlobalSection(SolutionConfigurationPlatforms) = preSolution
		Debug|Any CPU = Debug|Any CPU
		Release|Any CPU = Release|Any CPU
	EndGlobalSection
	GlobalSection(ProjectConfigurationPlatforms) = postSolution
		{4D32AE30-7FA7-4E4C-B447-D995925CA522}.Debug|Any CPU.ActiveCfg = Debug|Any CPU
		{4D32AE30-7FA7-4E4C-B447-D995925CA522}.Debug|Any CPU.Build.0 = Debug|Any CPU
		{4D32AE30-7FA7-4E4C-B447-D995925CA522}.Release|Any CPU.ActiveCfg = Release|Any CPU
		{4D32AE30-7FA7-4E4C-B447-D995925CA522}.Release|Any CPU.Build.0 = Release|Any CPU
		{0D1FE516-37A0-4584-8419-28EC8A76B4AF}.Debug|Any CPU.ActiveCfg = Debug|Any CPU
		{0D1FE516-37A0-4584-8419-28EC8A76B4AF}.Debug|Any CPU.Build.0 = Debug|Any CPU
		{0D1FE516-37A0-4584-8419-28EC8A76B4AF}.Release|Any CPU.ActiveCfg = Release|Any CPU
		{0D1FE516-37A0-4584-8419-28EC8A76B4AF}.Release|Any CPU.Build.0 = Release|Any CPU
	EndGlobalSection
	GlobalSection(SolutionProperties) = preSolution
		HideSolutionNode = FALSE
	EndGlobalSection
	GlobalSection(ExtensibilityGlobals) = postSolution
		SolutionGuid = {E7EA8E6B-C3A5-4942-AC9D-FE5FA45ADF59}
	EndGlobalSection
EndGlobal
